
Microsoft Visual Studio Solution File, Format Version 12.00
# Visual Studio 15
VisualStudioVersion = 15.0.28307.489
MinimumVisualStudioVersion = 10.0.40219.1
Project("{FAE04EC0-301F-11D3-BF4B-00C04F79EFBC}") = "SharedChecklists", "SharedChecklists\SharedChecklists.csproj", "{94BC23E9-5DD4-4246-BBD7-C65241B81F31}"
EndProject
Project("{2150E333-8FDC-42A3-9474-1A3956D46DE8}") = "0. Documentation", "0. Documentation", "{5C001EE6-3BDF-45AC-A16C-464F351702D8}"
EndProject
Project("{2150E333-8FDC-42A3-9474-1A3956D46DE8}") = "1. Clients", "1. Clients", "{2FCB8C3F-0C91-441D-BF02-8BC993E70558}"
EndProject
Project("{2150E333-8FDC-42A3-9474-1A3956D46DE8}") = "0. Checklists", "0. Checklists", "{8E45F53B-2C02-4A1D-A355-51D271C35CCC}"
	ProjectSection(SolutionItems) = preProject
		..\..\..\Dropbox (ScoutSheet)\ScoutSheet Team Folder\Shared Resources\Checklists\10 Days Faster Reading.docx = ..\..\..\Dropbox (ScoutSheet)\ScoutSheet Team Folder\Shared Resources\Checklists\10 Days Faster Reading.docx
		..\..\..\Dropbox (ScoutSheet)\ScoutSheet Team Folder\Shared Resources\Checklists\100 Things Design Checklist.docx = ..\..\..\Dropbox (ScoutSheet)\ScoutSheet Team Folder\Shared Resources\Checklists\100 Things Design Checklist.docx
		..\..\..\Dropbox (ScoutSheet)\ScoutSheet Team Folder\Shared Resources\Checklists\20 Marketing Channels List.docx = ..\..\..\Dropbox (ScoutSheet)\ScoutSheet Team Folder\Shared Resources\Checklists\20 Marketing Channels List.docx
		..\..\..\Dropbox (ScoutSheet)\ScoutSheet Team Folder\Shared Resources\Checklists\33 best practices for sales checklist.docx = ..\..\..\Dropbox (ScoutSheet)\ScoutSheet Team Folder\Shared Resources\Checklists\33 best practices for sales checklist.docx
		..\..\..\Dropbox (ScoutSheet)\ScoutSheet Team Folder\Shared Resources\Checklists\4 Hour Workweek Checklist.docx = ..\..\..\Dropbox (ScoutSheet)\ScoutSheet Team Folder\Shared Resources\Checklists\4 Hour Workweek Checklist.docx
		..\..\..\Dropbox (ScoutSheet)\ScoutSheet Team Folder\Shared Resources\Checklists\Admiral McRaven Checklist.docx = ..\..\..\Dropbox (ScoutSheet)\ScoutSheet Team Folder\Shared Resources\Checklists\Admiral McRaven Checklist.docx
		..\..\..\Dropbox (ScoutSheet)\ScoutSheet Team Folder\Shared Resources\Checklists\Agile Development Checklist.docx = ..\..\..\Dropbox (ScoutSheet)\ScoutSheet Team Folder\Shared Resources\Checklists\Agile Development Checklist.docx
		..\..\..\Dropbox (ScoutSheet)\ScoutSheet Team Folder\Shared Resources\Checklists\Agile Development Progress Checklist.pdf = ..\..\..\Dropbox (ScoutSheet)\ScoutSheet Team Folder\Shared Resources\Checklists\Agile Development Progress Checklist.pdf
		..\..\..\Dropbox (ScoutSheet)\ScoutSheet Team Folder\Shared Resources\Checklists\Aloha Checklist.docx = ..\..\..\Dropbox (ScoutSheet)\ScoutSheet Team Folder\Shared Resources\Checklists\Aloha Checklist.docx
		..\..\..\Dropbox (ScoutSheet)\ScoutSheet Team Folder\Shared Resources\Checklists\Asking For Donation Checklist.docx = ..\..\..\Dropbox (ScoutSheet)\ScoutSheet Team Folder\Shared Resources\Checklists\Asking For Donation Checklist.docx
		..\..\..\Dropbox (ScoutSheet)\ScoutSheet Team Folder\Shared Resources\Checklists\Aspiring Business Philosophy Checklist.docx = ..\..\..\Dropbox (ScoutSheet)\ScoutSheet Team Folder\Shared Resources\Checklists\Aspiring Business Philosophy Checklist.docx
		..\..\..\Dropbox (ScoutSheet)\ScoutSheet Team Folder\Shared Resources\Checklists\Assertiveness Checklist.docx = ..\..\..\Dropbox (ScoutSheet)\ScoutSheet Team Folder\Shared Resources\Checklists\Assertiveness Checklist.docx
		..\..\..\Dropbox (ScoutSheet)\ScoutSheet Team Folder\Shared Resources\Checklists\Beautiful Constraint.docx = ..\..\..\Dropbox (ScoutSheet)\ScoutSheet Team Folder\Shared Resources\Checklists\Beautiful Constraint.docx
		..\..\..\Dropbox (ScoutSheet)\ScoutSheet Team Folder\Shared Resources\Checklists\Body, Mind, Heart, Gut, Spirit.docx = ..\..\..\Dropbox (ScoutSheet)\ScoutSheet Team Folder\Shared Resources\Checklists\Body, Mind, Heart, Gut, Spirit.docx
		..\..\..\Dropbox (ScoutSheet)\ScoutSheet Team Folder\Shared Resources\Checklists\Borrower Closing Checklist - West Haymarket.doc = ..\..\..\Dropbox (ScoutSheet)\ScoutSheet Team Folder\Shared Resources\Checklists\Borrower Closing Checklist - West Haymarket.doc
		..\..\..\Dropbox (ScoutSheet)\ScoutSheet Team Folder\Shared Resources\Checklists\Build a Following Checklist.docx = ..\..\..\Dropbox (ScoutSheet)\ScoutSheet Team Folder\Shared Resources\Checklists\Build a Following Checklist.docx
		..\..\..\Dropbox (ScoutSheet)\ScoutSheet Team Folder\Shared Resources\Checklists\Building Great Software Teams Checklist.docx = ..\..\..\Dropbox (ScoutSheet)\ScoutSheet Team Folder\Shared Resources\Checklists\Building Great Software Teams Checklist.docx
		..\..\..\Dropbox (ScoutSheet)\ScoutSheet Team Folder\Shared Resources\Checklists\Business Canvas Checklist.docx = ..\..\..\Dropbox (ScoutSheet)\ScoutSheet Team Folder\Shared Resources\Checklists\Business Canvas Checklist.docx
		..\..\..\Dropbox (ScoutSheet)\ScoutSheet Team Folder\Shared Resources\Checklists\Business Model Canvas Checklist.docx = ..\..\..\Dropbox (ScoutSheet)\ScoutSheet Team Folder\Shared Resources\Checklists\Business Model Canvas Checklist.docx
		..\..\..\Dropbox (ScoutSheet)\ScoutSheet Team Folder\Shared Resources\Checklists\Challenger Sale Checklist.docx = ..\..\..\Dropbox (ScoutSheet)\ScoutSheet Team Folder\Shared Resources\Checklists\Challenger Sale Checklist.docx
		..\..\..\Dropbox (ScoutSheet)\ScoutSheet Team Folder\Shared Resources\Checklists\Chasing Cool Checklist.docx = ..\..\..\Dropbox (ScoutSheet)\ScoutSheet Team Folder\Shared Resources\Checklists\Chasing Cool Checklist.docx
		..\..\..\Dropbox (ScoutSheet)\ScoutSheet Team Folder\Shared Resources\Checklists\Cialdini Six Principles Influence.docx = ..\..\..\Dropbox (ScoutSheet)\ScoutSheet Team Folder\Shared Resources\Checklists\Cialdini Six Principles Influence.docx
		..\..\..\Dropbox (ScoutSheet)\ScoutSheet Team Folder\Shared Resources\Checklists\Closing Checklist.docx = ..\..\..\Dropbox (ScoutSheet)\ScoutSheet Team Folder\Shared Resources\Checklists\Closing Checklist.docx
		..\..\..\Dropbox (ScoutSheet)\ScoutSheet Team Folder\Shared Resources\Checklists\Cloud Computing Checklist.docx = ..\..\..\Dropbox (ScoutSheet)\ScoutSheet Team Folder\Shared Resources\Checklists\Cloud Computing Checklist.docx
		..\..\..\Dropbox (ScoutSheet)\ScoutSheet Team Folder\Shared Resources\Checklists\Cluster Analysis Checklist.docx = ..\..\..\Dropbox (ScoutSheet)\ScoutSheet Team Folder\Shared Resources\Checklists\Cluster Analysis Checklist.docx
		..\..\..\Dropbox (ScoutSheet)\ScoutSheet Team Folder\Shared Resources\Checklists\Clustering Checklist.docx = ..\..\..\Dropbox (ScoutSheet)\ScoutSheet Team Folder\Shared Resources\Checklists\Clustering Checklist.docx
		..\..\..\Dropbox (ScoutSheet)\ScoutSheet Team Folder\Shared Resources\Checklists\Code Review Checklist.docx = ..\..\..\Dropbox (ScoutSheet)\ScoutSheet Team Folder\Shared Resources\Checklists\Code Review Checklist.docx
		..\..\..\Dropbox (ScoutSheet)\ScoutSheet Team Folder\Shared Resources\Checklists\Code Smarter Checklist.docx = ..\..\..\Dropbox (ScoutSheet)\ScoutSheet Team Folder\Shared Resources\Checklists\Code Smarter Checklist.docx
		..\..\..\Dropbox (ScoutSheet)\ScoutSheet Team Folder\Shared Resources\Checklists\Cold Email Checklist.docx = ..\..\..\Dropbox (ScoutSheet)\ScoutSheet Team Folder\Shared Resources\Checklists\Cold Email Checklist.docx
		..\..\..\Dropbox (ScoutSheet)\ScoutSheet Team Folder\Shared Resources\Checklists\Communication Checklist.docx = ..\..\..\Dropbox (ScoutSheet)\ScoutSheet Team Folder\Shared Resources\Checklists\Communication Checklist.docx
		..\..\..\Dropbox (ScoutSheet)\ScoutSheet Team Folder\Shared Resources\Checklists\Competing on Analytics.docx = ..\..\..\Dropbox (ScoutSheet)\ScoutSheet Team Folder\Shared Resources\Checklists\Competing on Analytics.docx
		..\..\..\Dropbox (ScoutSheet)\ScoutSheet Team Folder\Shared Resources\Checklists\Competition Usability Testing Script Checklist.doc = ..\..\..\Dropbox (ScoutSheet)\ScoutSheet Team Folder\Shared Resources\Checklists\Competition Usability Testing Script Checklist.doc
		..\..\..\Dropbox (ScoutSheet)\ScoutSheet Team Folder\Shared Resources\Checklists\Complex Requirements & Solution Checklist.docx = ..\..\..\Dropbox (ScoutSheet)\ScoutSheet Team Folder\Shared Resources\Checklists\Complex Requirements & Solution Checklist.docx
		..\..\..\Dropbox (ScoutSheet)\ScoutSheet Team Folder\Shared Resources\Checklists\Construction Practices Checklist.docx = ..\..\..\Dropbox (ScoutSheet)\ScoutSheet Team Folder\Shared Resources\Checklists\Construction Practices Checklist.docx
		..\..\..\Dropbox (ScoutSheet)\ScoutSheet Team Folder\Shared Resources\Checklists\Constructive Feedback Checklist.docx = ..\..\..\Dropbox (ScoutSheet)\ScoutSheet Team Folder\Shared Resources\Checklists\Constructive Feedback Checklist.docx
		..\..\..\Dropbox (ScoutSheet)\ScoutSheet Team Folder\Shared Resources\Checklists\Culture and Strategy Checklist.docx = ..\..\..\Dropbox (ScoutSheet)\ScoutSheet Team Folder\Shared Resources\Checklists\Culture and Strategy Checklist.docx
		..\..\..\Dropbox (ScoutSheet)\ScoutSheet Team Folder\Shared Resources\Checklists\Customer Onboarding Checklist.docx = ..\..\..\Dropbox (ScoutSheet)\ScoutSheet Team Folder\Shared Resources\Checklists\Customer Onboarding Checklist.docx
		..\..\..\Dropbox (ScoutSheet)\ScoutSheet Team Folder\Shared Resources\Checklists\Customer Profile Card.pdf = ..\..\..\Dropbox (ScoutSheet)\ScoutSheet Team Folder\Shared Resources\Checklists\Customer Profile Card.pdf
		..\..\..\Dropbox (ScoutSheet)\ScoutSheet Team Folder\Shared Resources\Checklists\Customer Questionnaire Checklist.docx = ..\..\..\Dropbox (ScoutSheet)\ScoutSheet Team Folder\Shared Resources\Checklists\Customer Questionnaire Checklist.docx
		..\..\..\Dropbox (ScoutSheet)\ScoutSheet Team Folder\Shared Resources\Checklists\Customer Scoring Checklist.docx = ..\..\..\Dropbox (ScoutSheet)\ScoutSheet Team Folder\Shared Resources\Checklists\Customer Scoring Checklist.docx
		..\..\..\Dropbox (ScoutSheet)\ScoutSheet Team Folder\Shared Resources\Checklists\Customer Scoring Matrix.pdf = ..\..\..\Dropbox (ScoutSheet)\ScoutSheet Team Folder\Shared Resources\Checklists\Customer Scoring Matrix.pdf
		..\..\..\Dropbox (ScoutSheet)\ScoutSheet Team Folder\Shared Resources\Checklists\Customer Selection Checklist.docx = ..\..\..\Dropbox (ScoutSheet)\ScoutSheet Team Folder\Shared Resources\Checklists\Customer Selection Checklist.docx
		..\..\..\Dropbox (ScoutSheet)\ScoutSheet Team Folder\Shared Resources\Checklists\Customer Support Checklist.docx = ..\..\..\Dropbox (ScoutSheet)\ScoutSheet Team Folder\Shared Resources\Checklists\Customer Support Checklist.docx
		..\..\..\Dropbox (ScoutSheet)\ScoutSheet Team Folder\Shared Resources\Checklists\Dare to Disagree Checklist.docx = ..\..\..\Dropbox (ScoutSheet)\ScoutSheet Team Folder\Shared Resources\Checklists\Dare to Disagree Checklist.docx
		..\..\..\Dropbox (ScoutSheet)\ScoutSheet Team Folder\Shared Resources\Checklists\Data Science Checklist.docx = ..\..\..\Dropbox (ScoutSheet)\ScoutSheet Team Folder\Shared Resources\Checklists\Data Science Checklist.docx
		..\..\..\Dropbox (ScoutSheet)\ScoutSheet Team Folder\Shared Resources\Checklists\Data Science Modeling Mistakes Checklist .docx = ..\..\..\Dropbox (ScoutSheet)\ScoutSheet Team Folder\Shared Resources\Checklists\Data Science Modeling Mistakes Checklist .docx
		..\..\..\Dropbox (ScoutSheet)\ScoutSheet Team Folder\Shared Resources\Checklists\Data Smart Checklist.docx = ..\..\..\Dropbox (ScoutSheet)\ScoutSheet Team Folder\Shared Resources\Checklists\Data Smart Checklist.docx
		..\..\..\Dropbox (ScoutSheet)\ScoutSheet Team Folder\Shared Resources\Checklists\Deliberate Performance Checklist.docx = ..\..\..\Dropbox (ScoutSheet)\ScoutSheet Team Folder\Shared Resources\Checklists\Deliberate Performance Checklist.docx
		..\..\..\Dropbox (ScoutSheet)\ScoutSheet Team Folder\Shared Resources\Checklists\Design of Designs Checklist.docx = ..\..\..\Dropbox (ScoutSheet)\ScoutSheet Team Folder\Shared Resources\Checklists\Design of Designs Checklist.docx
		..\..\..\Dropbox (ScoutSheet)\ScoutSheet Team Folder\Shared Resources\Checklists\Design of Everyday Things Checklist.docx = ..\..\..\Dropbox (ScoutSheet)\ScoutSheet Team Folder\Shared Resources\Checklists\Design of Everyday Things Checklist.docx
		..\..\..\Dropbox (ScoutSheet)\ScoutSheet Team Folder\Shared Resources\Checklists\Deutsch Branding Checklist.docx = ..\..\..\Dropbox (ScoutSheet)\ScoutSheet Team Folder\Shared Resources\Checklists\Deutsch Branding Checklist.docx
		..\..\..\Dropbox (ScoutSheet)\ScoutSheet Team Folder\Shared Resources\Checklists\Developing Analytical Talent Checklist.docx = ..\..\..\Dropbox (ScoutSheet)\ScoutSheet Team Folder\Shared Resources\Checklists\Developing Analytical Talent Checklist.docx
		..\..\..\Dropbox (ScoutSheet)\ScoutSheet Team Folder\Shared Resources\Checklists\Development Checklist.docx = ..\..\..\Dropbox (ScoutSheet)\ScoutSheet Team Folder\Shared Resources\Checklists\Development Checklist.docx
		..\..\..\Dropbox (ScoutSheet)\ScoutSheet Team Folder\Shared Resources\Checklists\Digital Marketing Checklist.docx = ..\..\..\Dropbox (ScoutSheet)\ScoutSheet Team Folder\Shared Resources\Checklists\Digital Marketing Checklist.docx
		..\..\..\Dropbox (ScoutSheet)\ScoutSheet Team Folder\Shared Resources\Checklists\Do More Faster Checklist.docx = ..\..\..\Dropbox (ScoutSheet)\ScoutSheet Team Folder\Shared Resources\Checklists\Do More Faster Checklist.docx
		..\..\..\Dropbox (ScoutSheet)\ScoutSheet Team Folder\Shared Resources\Checklists\Do More with Less Checklist.docx = ..\..\..\Dropbox (ScoutSheet)\ScoutSheet Team Folder\Shared Resources\Checklists\Do More with Less Checklist.docx
		..\..\..\Dropbox (ScoutSheet)\ScoutSheet Team Folder\Shared Resources\Checklists\Domain Name Checklist.docx = ..\..\..\Dropbox (ScoutSheet)\ScoutSheet Team Folder\Shared Resources\Checklists\Domain Name Checklist.docx
		..\..\..\Dropbox (ScoutSheet)\ScoutSheet Team Folder\Shared Resources\Checklists\Drive Motivation Checklist.docx = ..\..\..\Dropbox (ScoutSheet)\ScoutSheet Team Folder\Shared Resources\Checklists\Drive Motivation Checklist.docx
		..\..\..\Dropbox (ScoutSheet)\ScoutSheet Team Folder\Shared Resources\Checklists\E-mail Checklist.docx = ..\..\..\Dropbox (ScoutSheet)\ScoutSheet Team Folder\Shared Resources\Checklists\E-mail Checklist.docx
		..\..\..\Dropbox (ScoutSheet)\ScoutSheet Team Folder\Shared Resources\Checklists\Economic Checklist - Google.docx = ..\..\..\Dropbox (ScoutSheet)\ScoutSheet Team Folder\Shared Resources\Checklists\Economic Checklist - Google.docx
		..\..\..\Dropbox (ScoutSheet)\ScoutSheet Team Folder\Shared Resources\Checklists\Economic Checklist.docx = ..\..\..\Dropbox (ScoutSheet)\ScoutSheet Team Folder\Shared Resources\Checklists\Economic Checklist.docx
		..\..\..\Dropbox (ScoutSheet)\ScoutSheet Team Folder\Shared Resources\Checklists\Efficiency Checklist.docx = ..\..\..\Dropbox (ScoutSheet)\ScoutSheet Team Folder\Shared Resources\Checklists\Efficiency Checklist.docx
		..\..\..\Dropbox (ScoutSheet)\ScoutSheet Team Folder\Shared Resources\Checklists\Eighty Twenty Principle.docx = ..\..\..\Dropbox (ScoutSheet)\ScoutSheet Team Folder\Shared Resources\Checklists\Eighty Twenty Principle.docx
		..\..\..\Dropbox (ScoutSheet)\ScoutSheet Team Folder\Shared Resources\Checklists\Einstein Thinking Checklist.docx = ..\..\..\Dropbox (ScoutSheet)\ScoutSheet Team Folder\Shared Resources\Checklists\Einstein Thinking Checklist.docx
		..\..\..\Dropbox (ScoutSheet)\ScoutSheet Team Folder\Shared Resources\Checklists\Estimation Checklist.docx = ..\..\..\Dropbox (ScoutSheet)\ScoutSheet Team Folder\Shared Resources\Checklists\Estimation Checklist.docx
		..\..\..\Dropbox (ScoutSheet)\ScoutSheet Team Folder\Shared Resources\Checklists\Exponential Organizations Checklist.docx = ..\..\..\Dropbox (ScoutSheet)\ScoutSheet Team Folder\Shared Resources\Checklists\Exponential Organizations Checklist.docx
		..\..\..\Dropbox (ScoutSheet)\ScoutSheet Team Folder\Shared Resources\Checklists\Feedback Checklist.docx = ..\..\..\Dropbox (ScoutSheet)\ScoutSheet Team Folder\Shared Resources\Checklists\Feedback Checklist.docx
		..\..\..\Dropbox (ScoutSheet)\ScoutSheet Team Folder\Shared Resources\Checklists\Financial Management Checklist.docx = ..\..\..\Dropbox (ScoutSheet)\ScoutSheet Team Folder\Shared Resources\Checklists\Financial Management Checklist.docx
		..\..\..\Dropbox (ScoutSheet)\ScoutSheet Team Folder\Shared Resources\Checklists\Financial Model Checklist.docx = ..\..\..\Dropbox (ScoutSheet)\ScoutSheet Team Folder\Shared Resources\Checklists\Financial Model Checklist.docx
		..\..\..\Dropbox (ScoutSheet)\ScoutSheet Team Folder\Shared Resources\Checklists\Find Technical Talent.docx = ..\..\..\Dropbox (ScoutSheet)\ScoutSheet Team Folder\Shared Resources\Checklists\Find Technical Talent.docx
		..\..\..\Dropbox (ScoutSheet)\ScoutSheet Team Folder\Shared Resources\Checklists\Find Your Customer Checklist.docx = ..\..\..\Dropbox (ScoutSheet)\ScoutSheet Team Folder\Shared Resources\Checklists\Find Your Customer Checklist.docx
		..\..\..\Dropbox (ScoutSheet)\ScoutSheet Team Folder\Shared Resources\Checklists\First 20 Hours Checklist.docx = ..\..\..\Dropbox (ScoutSheet)\ScoutSheet Team Folder\Shared Resources\Checklists\First 20 Hours Checklist.docx
		..\..\..\Dropbox (ScoutSheet)\ScoutSheet Team Folder\Shared Resources\Checklists\Fooled by Randomness Checklist.docx = ..\..\..\Dropbox (ScoutSheet)\ScoutSheet Team Folder\Shared Resources\Checklists\Fooled by Randomness Checklist.docx
		..\..\..\Dropbox (ScoutSheet)\ScoutSheet Team Folder\Shared Resources\Checklists\Fundraising Basics Checklist.docx = ..\..\..\Dropbox (ScoutSheet)\ScoutSheet Team Folder\Shared Resources\Checklists\Fundraising Basics Checklist.docx
		..\..\..\Dropbox (ScoutSheet)\ScoutSheet Team Folder\Shared Resources\Checklists\Fundraising Basics Checklist.pdf = ..\..\..\Dropbox (ScoutSheet)\ScoutSheet Team Folder\Shared Resources\Checklists\Fundraising Basics Checklist.pdf
		..\..\..\Dropbox (ScoutSheet)\ScoutSheet Team Folder\Shared Resources\Checklists\Fundraising Checklist.docx = ..\..\..\Dropbox (ScoutSheet)\ScoutSheet Team Folder\Shared Resources\Checklists\Fundraising Checklist.docx
		..\..\..\Dropbox (ScoutSheet)\ScoutSheet Team Folder\Shared Resources\Checklists\Game of GO Checklist.docx = ..\..\..\Dropbox (ScoutSheet)\ScoutSheet Team Folder\Shared Resources\Checklists\Game of GO Checklist.docx
		..\..\..\Dropbox (ScoutSheet)\ScoutSheet Team Folder\Shared Resources\Checklists\Gamification Checklist.docx = ..\..\..\Dropbox (ScoutSheet)\ScoutSheet Team Folder\Shared Resources\Checklists\Gamification Checklist.docx
		..\..\..\Dropbox (ScoutSheet)\ScoutSheet Team Folder\Shared Resources\Checklists\Geography of Jobs Patterns.docx = ..\..\..\Dropbox (ScoutSheet)\ScoutSheet Team Folder\Shared Resources\Checklists\Geography of Jobs Patterns.docx
		..\..\..\Dropbox (ScoutSheet)\ScoutSheet Team Folder\Shared Resources\Checklists\Get Backed Checklist.docx = ..\..\..\Dropbox (ScoutSheet)\ScoutSheet Team Folder\Shared Resources\Checklists\Get Backed Checklist.docx
		..\..\..\Dropbox (ScoutSheet)\ScoutSheet Team Folder\Shared Resources\Checklists\Goal Setting Checklist.docx = ..\..\..\Dropbox (ScoutSheet)\ScoutSheet Team Folder\Shared Resources\Checklists\Goal Setting Checklist.docx
		..\..\..\Dropbox (ScoutSheet)\ScoutSheet Team Folder\Shared Resources\Checklists\Good Design Checklist.docx = ..\..\..\Dropbox (ScoutSheet)\ScoutSheet Team Folder\Shared Resources\Checklists\Good Design Checklist.docx
		..\..\..\Dropbox (ScoutSheet)\ScoutSheet Team Folder\Shared Resources\Checklists\Good Profit Checklist.docx = ..\..\..\Dropbox (ScoutSheet)\ScoutSheet Team Folder\Shared Resources\Checklists\Good Profit Checklist.docx
		..\..\..\Dropbox (ScoutSheet)\ScoutSheet Team Folder\Shared Resources\Checklists\Great E-mail Checklist.docx = ..\..\..\Dropbox (ScoutSheet)\ScoutSheet Team Folder\Shared Resources\Checklists\Great E-mail Checklist.docx
		..\..\..\Dropbox (ScoutSheet)\ScoutSheet Team Folder\Shared Resources\Checklists\Growth Hacking Checklist.docx = ..\..\..\Dropbox (ScoutSheet)\ScoutSheet Team Folder\Shared Resources\Checklists\Growth Hacking Checklist.docx
		..\..\..\Dropbox (ScoutSheet)\ScoutSheet Team Folder\Shared Resources\Checklists\Hard Thing About Hard Things - Ben Horowitz.docx = ..\..\..\Dropbox (ScoutSheet)\ScoutSheet Team Folder\Shared Resources\Checklists\Hard Thing About Hard Things - Ben Horowitz.docx
		..\..\..\Dropbox (ScoutSheet)\ScoutSheet Team Folder\Shared Resources\Checklists\Henry Ford Checklist.docx = ..\..\..\Dropbox (ScoutSheet)\ScoutSheet Team Folder\Shared Resources\Checklists\Henry Ford Checklist.docx
		..\..\..\Dropbox (ScoutSheet)\ScoutSheet Team Folder\Shared Resources\Checklists\Home Inspection Checklist.docx = ..\..\..\Dropbox (ScoutSheet)\ScoutSheet Team Folder\Shared Resources\Checklists\Home Inspection Checklist.docx
		..\..\..\Dropbox (ScoutSheet)\ScoutSheet Team Folder\Shared Resources\Checklists\Hope Is Not a Method Checklist.docx = ..\..\..\Dropbox (ScoutSheet)\ScoutSheet Team Folder\Shared Resources\Checklists\Hope Is Not a Method Checklist.docx
		..\..\..\Dropbox (ScoutSheet)\ScoutSheet Team Folder\Shared Resources\Checklists\Hybrid Validation Usability Interview Checklist.docx = ..\..\..\Dropbox (ScoutSheet)\ScoutSheet Team Folder\Shared Resources\Checklists\Hybrid Validation Usability Interview Checklist.docx
		..\..\..\Dropbox (ScoutSheet)\ScoutSheet Team Folder\Shared Resources\Checklists\Hypotheses Checklist.docx = ..\..\..\Dropbox (ScoutSheet)\ScoutSheet Team Folder\Shared Resources\Checklists\Hypotheses Checklist.docx
		..\..\..\Dropbox (ScoutSheet)\ScoutSheet Team Folder\Shared Resources\Checklists\Implementing Value Pricing Checklist.docx = ..\..\..\Dropbox (ScoutSheet)\ScoutSheet Team Folder\Shared Resources\Checklists\Implementing Value Pricing Checklist.docx
		..\..\..\Dropbox (ScoutSheet)\ScoutSheet Team Folder\Shared Resources\Checklists\Import Data into Hubspot Checklist.docx = ..\..\..\Dropbox (ScoutSheet)\ScoutSheet Team Folder\Shared Resources\Checklists\Import Data into Hubspot Checklist.docx
		..\..\..\Dropbox (ScoutSheet)\ScoutSheet Team Folder\Shared Resources\Checklists\Infographic Checklist.docx = ..\..\..\Dropbox (ScoutSheet)\ScoutSheet Team Folder\Shared Resources\Checklists\Infographic Checklist.docx
		..\..\..\Dropbox (ScoutSheet)\ScoutSheet Team Folder\Shared Resources\Checklists\Innovator's Checklist.docx = ..\..\..\Dropbox (ScoutSheet)\ScoutSheet Team Folder\Shared Resources\Checklists\Innovator's Checklist.docx
		..\..\..\Dropbox (ScoutSheet)\ScoutSheet Team Folder\Shared Resources\Checklists\Interview Question Checklist.docx = ..\..\..\Dropbox (ScoutSheet)\ScoutSheet Team Folder\Shared Resources\Checklists\Interview Question Checklist.docx
		..\..\..\Dropbox (ScoutSheet)\ScoutSheet Team Folder\Shared Resources\Checklists\Investor Pitch Checklist.docx = ..\..\..\Dropbox (ScoutSheet)\ScoutSheet Team Folder\Shared Resources\Checklists\Investor Pitch Checklist.docx
		..\..\..\Dropbox (ScoutSheet)\ScoutSheet Team Folder\Shared Resources\Checklists\Issue IDS Checklist.docx = ..\..\..\Dropbox (ScoutSheet)\ScoutSheet Team Folder\Shared Resources\Checklists\Issue IDS Checklist.docx
		..\..\..\Dropbox (ScoutSheet)\ScoutSheet Team Folder\Shared Resources\Checklists\Jay Wilkonson Leadership Checklist.docx = ..\..\..\Dropbox (ScoutSheet)\ScoutSheet Team Folder\Shared Resources\Checklists\Jay Wilkonson Leadership Checklist.docx
		..\..\..\Dropbox (ScoutSheet)\ScoutSheet Team Folder\Shared Resources\Checklists\Jesus CEO Checklist.docx = ..\..\..\Dropbox (ScoutSheet)\ScoutSheet Team Folder\Shared Resources\Checklists\Jesus CEO Checklist.docx
		..\..\..\Dropbox (ScoutSheet)\ScoutSheet Team Folder\Shared Resources\Checklists\Jesus Salesperson Checklist.docx = ..\..\..\Dropbox (ScoutSheet)\ScoutSheet Team Folder\Shared Resources\Checklists\Jesus Salesperson Checklist.docx
		..\..\..\Dropbox (ScoutSheet)\ScoutSheet Team Folder\Shared Resources\Checklists\Jones-Dilworth Marketing Checklist.docx = ..\..\..\Dropbox (ScoutSheet)\ScoutSheet Team Folder\Shared Resources\Checklists\Jones-Dilworth Marketing Checklist.docx
		..\..\..\Dropbox (ScoutSheet)\ScoutSheet Team Folder\Shared Resources\Checklists\Kick Ass Demo Checklist.docx = ..\..\..\Dropbox (ScoutSheet)\ScoutSheet Team Folder\Shared Resources\Checklists\Kick Ass Demo Checklist.docx
		..\..\..\Dropbox (ScoutSheet)\ScoutSheet Team Folder\Shared Resources\Checklists\Language Patterns.docx = ..\..\..\Dropbox (ScoutSheet)\ScoutSheet Team Folder\Shared Resources\Checklists\Language Patterns.docx
		..\..\..\Dropbox (ScoutSheet)\ScoutSheet Team Folder\Shared Resources\Checklists\Lead Scoring Checklist.docx = ..\..\..\Dropbox (ScoutSheet)\ScoutSheet Team Folder\Shared Resources\Checklists\Lead Scoring Checklist.docx
		..\..\..\Dropbox (ScoutSheet)\ScoutSheet Team Folder\Shared Resources\Checklists\Lending Checklist.docx = ..\..\..\Dropbox (ScoutSheet)\ScoutSheet Team Folder\Shared Resources\Checklists\Lending Checklist.docx
		..\..\..\Dropbox (ScoutSheet)\ScoutSheet Team Folder\Shared Resources\Checklists\Leonardo DaVinci Checklist.docx = ..\..\..\Dropbox (ScoutSheet)\ScoutSheet Team Folder\Shared Resources\Checklists\Leonardo DaVinci Checklist.docx
		..\..\..\Dropbox (ScoutSheet)\ScoutSheet Team Folder\Shared Resources\Checklists\Less Dumb Checklist.docx = ..\..\..\Dropbox (ScoutSheet)\ScoutSheet Team Folder\Shared Resources\Checklists\Less Dumb Checklist.docx
		..\..\..\Dropbox (ScoutSheet)\ScoutSheet Team Folder\Shared Resources\Checklists\Lessons By Warren Buffet Checklist.docx = ..\..\..\Dropbox (ScoutSheet)\ScoutSheet Team Folder\Shared Resources\Checklists\Lessons By Warren Buffet Checklist.docx
		..\..\..\Dropbox (ScoutSheet)\ScoutSheet Team Folder\Shared Resources\Checklists\Levels of Measurement Checklist.docx = ..\..\..\Dropbox (ScoutSheet)\ScoutSheet Team Folder\Shared Resources\Checklists\Levels of Measurement Checklist.docx
		..\..\..\Dropbox (ScoutSheet)\ScoutSheet Team Folder\Shared Resources\Checklists\Magic Box Checklist.docx = ..\..\..\Dropbox (ScoutSheet)\ScoutSheet Team Folder\Shared Resources\Checklists\Magic Box Checklist.docx
		..\..\..\Dropbox (ScoutSheet)\ScoutSheet Team Folder\Shared Resources\Checklists\Magnitude Leadership Checklist.docx = ..\..\..\Dropbox (ScoutSheet)\ScoutSheet Team Folder\Shared Resources\Checklists\Magnitude Leadership Checklist.docx
		..\..\..\Dropbox (ScoutSheet)\ScoutSheet Team Folder\Shared Resources\Checklists\Major Decisions Checklist.docx = ..\..\..\Dropbox (ScoutSheet)\ScoutSheet Team Folder\Shared Resources\Checklists\Major Decisions Checklist.docx
		..\..\..\Dropbox (ScoutSheet)\ScoutSheet Team Folder\Shared Resources\Checklists\Making Good Decisions Checklist.docx = ..\..\..\Dropbox (ScoutSheet)\ScoutSheet Team Folder\Shared Resources\Checklists\Making Good Decisions Checklist.docx
		..\..\..\Dropbox (ScoutSheet)\ScoutSheet Team Folder\Shared Resources\Checklists\Management Checklist.docx = ..\..\..\Dropbox (ScoutSheet)\ScoutSheet Team Folder\Shared Resources\Checklists\Management Checklist.docx
		..\..\..\Dropbox (ScoutSheet)\ScoutSheet Team Folder\Shared Resources\Checklists\Marketing Analytics Checklist.docx = ..\..\..\Dropbox (ScoutSheet)\ScoutSheet Team Folder\Shared Resources\Checklists\Marketing Analytics Checklist.docx
		..\..\..\Dropbox (ScoutSheet)\ScoutSheet Team Folder\Shared Resources\Checklists\Marketing Checklist.docx = ..\..\..\Dropbox (ScoutSheet)\ScoutSheet Team Folder\Shared Resources\Checklists\Marketing Checklist.docx
		..\..\..\Dropbox (ScoutSheet)\ScoutSheet Team Folder\Shared Resources\Checklists\Martin Luther King Rhetoric Checklist.docx = ..\..\..\Dropbox (ScoutSheet)\ScoutSheet Team Folder\Shared Resources\Checklists\Martin Luther King Rhetoric Checklist.docx
		..\..\..\Dropbox (ScoutSheet)\ScoutSheet Team Folder\Shared Resources\Checklists\McDonalds Checklist.docx = ..\..\..\Dropbox (ScoutSheet)\ScoutSheet Team Folder\Shared Resources\Checklists\McDonalds Checklist.docx
		..\..\..\Dropbox (ScoutSheet)\ScoutSheet Team Folder\Shared Resources\Checklists\Mental Models Checklist.docx = ..\..\..\Dropbox (ScoutSheet)\ScoutSheet Team Folder\Shared Resources\Checklists\Mental Models Checklist.docx
		..\..\..\Dropbox (ScoutSheet)\ScoutSheet Team Folder\Shared Resources\Checklists\Mythical Man Month Checklist.docx = ..\..\..\Dropbox (ScoutSheet)\ScoutSheet Team Folder\Shared Resources\Checklists\Mythical Man Month Checklist.docx
		..\..\..\Dropbox (ScoutSheet)\ScoutSheet Team Folder\Shared Resources\Checklists\Myths of Entrepreneurship.docx = ..\..\..\Dropbox (ScoutSheet)\ScoutSheet Team Folder\Shared Resources\Checklists\Myths of Entrepreneurship.docx
		..\..\..\Dropbox (ScoutSheet)\ScoutSheet Team Folder\Shared Resources\Checklists\Naming Startup Checklist.docx = ..\..\..\Dropbox (ScoutSheet)\ScoutSheet Team Folder\Shared Resources\Checklists\Naming Startup Checklist.docx
		..\..\..\Dropbox (ScoutSheet)\ScoutSheet Team Folder\Shared Resources\Checklists\Nathan Gold Why You Checklist.docx = ..\..\..\Dropbox (ScoutSheet)\ScoutSheet Team Folder\Shared Resources\Checklists\Nathan Gold Why You Checklist.docx
		..\..\..\Dropbox (ScoutSheet)\ScoutSheet Team Folder\Shared Resources\Checklists\Negotiation Checklist.docx = ..\..\..\Dropbox (ScoutSheet)\ScoutSheet Team Folder\Shared Resources\Checklists\Negotiation Checklist.docx
		..\..\..\Dropbox (ScoutSheet)\ScoutSheet Team Folder\Shared Resources\Checklists\Net Promoter Score Checklist.docx = ..\..\..\Dropbox (ScoutSheet)\ScoutSheet Team Folder\Shared Resources\Checklists\Net Promoter Score Checklist.docx
		..\..\..\Dropbox (ScoutSheet)\ScoutSheet Team Folder\Shared Resources\Checklists\Net Promoter Score Checklist.pdf = ..\..\..\Dropbox (ScoutSheet)\ScoutSheet Team Folder\Shared Resources\Checklists\Net Promoter Score Checklist.pdf
		..\..\..\Dropbox (ScoutSheet)\ScoutSheet Team Folder\Shared Resources\Checklists\Network Is Net Worth Checklist.docx = ..\..\..\Dropbox (ScoutSheet)\ScoutSheet Team Folder\Shared Resources\Checklists\Network Is Net Worth Checklist.docx
		..\..\..\Dropbox (ScoutSheet)\ScoutSheet Team Folder\Shared Resources\Checklists\Networking Events Checklist.docx = ..\..\..\Dropbox (ScoutSheet)\ScoutSheet Team Folder\Shared Resources\Checklists\Networking Events Checklist.docx
		..\..\..\Dropbox (ScoutSheet)\ScoutSheet Team Folder\Shared Resources\Checklists\On Intelligence Checklist.docx = ..\..\..\Dropbox (ScoutSheet)\ScoutSheet Team Folder\Shared Resources\Checklists\On Intelligence Checklist.docx
		..\..\..\Dropbox (ScoutSheet)\ScoutSheet Team Folder\Shared Resources\Checklists\Optimization for Wordpress Checklist.docx = ..\..\..\Dropbox (ScoutSheet)\ScoutSheet Team Folder\Shared Resources\Checklists\Optimization for Wordpress Checklist.docx
		..\..\..\Dropbox (ScoutSheet)\ScoutSheet Team Folder\Shared Resources\Checklists\Organizational Companies Checklist.docx = ..\..\..\Dropbox (ScoutSheet)\ScoutSheet Team Folder\Shared Resources\Checklists\Organizational Companies Checklist.docx
		..\..\..\Dropbox (ScoutSheet)\ScoutSheet Team Folder\Shared Resources\Checklists\Outsourcing Checklist.docx = ..\..\..\Dropbox (ScoutSheet)\ScoutSheet Team Folder\Shared Resources\Checklists\Outsourcing Checklist.docx
		..\..\..\Dropbox (ScoutSheet)\ScoutSheet Team Folder\Shared Resources\Checklists\Outsourcing Development Checklist.docx = ..\..\..\Dropbox (ScoutSheet)\ScoutSheet Team Folder\Shared Resources\Checklists\Outsourcing Development Checklist.docx
		..\..\..\Dropbox (ScoutSheet)\ScoutSheet Team Folder\Shared Resources\Checklists\Patent Checklist.docx = ..\..\..\Dropbox (ScoutSheet)\ScoutSheet Team Folder\Shared Resources\Checklists\Patent Checklist.docx
		..\..\..\Dropbox (ScoutSheet)\ScoutSheet Team Folder\Shared Resources\Checklists\Pattern Language.docx = ..\..\..\Dropbox (ScoutSheet)\ScoutSheet Team Folder\Shared Resources\Checklists\Pattern Language.docx
		..\..\..\Dropbox (ScoutSheet)\ScoutSheet Team Folder\Shared Resources\Checklists\Peacetime v Wartime CEO.docx = ..\..\..\Dropbox (ScoutSheet)\ScoutSheet Team Folder\Shared Resources\Checklists\Peacetime v Wartime CEO.docx
		..\..\..\Dropbox (ScoutSheet)\ScoutSheet Team Folder\Shared Resources\Checklists\Performance Review Checklist.docx = ..\..\..\Dropbox (ScoutSheet)\ScoutSheet Team Folder\Shared Resources\Checklists\Performance Review Checklist.docx
		..\..\..\Dropbox (ScoutSheet)\ScoutSheet Team Folder\Shared Resources\Checklists\Personal Characteristics Checklist.docx = ..\..\..\Dropbox (ScoutSheet)\ScoutSheet Team Folder\Shared Resources\Checklists\Personal Characteristics Checklist.docx
		..\..\..\Dropbox (ScoutSheet)\ScoutSheet Team Folder\Shared Resources\Checklists\Personal Fuel Checklist.docx = ..\..\..\Dropbox (ScoutSheet)\ScoutSheet Team Folder\Shared Resources\Checklists\Personal Fuel Checklist.docx
		..\..\..\Dropbox (ScoutSheet)\ScoutSheet Team Folder\Shared Resources\Checklists\Personal Greatness Checklist.docx = ..\..\..\Dropbox (ScoutSheet)\ScoutSheet Team Folder\Shared Resources\Checklists\Personal Greatness Checklist.docx
		..\..\..\Dropbox (ScoutSheet)\ScoutSheet Team Folder\Shared Resources\Checklists\Personal Improvement Checklist.docx = ..\..\..\Dropbox (ScoutSheet)\ScoutSheet Team Folder\Shared Resources\Checklists\Personal Improvement Checklist.docx
		..\..\..\Dropbox (ScoutSheet)\ScoutSheet Team Folder\Shared Resources\Checklists\Pipeline Module Debrief #2.docx = ..\..\..\Dropbox (ScoutSheet)\ScoutSheet Team Folder\Shared Resources\Checklists\Pipeline Module Debrief #2.docx
		..\..\..\Dropbox (ScoutSheet)\ScoutSheet Team Folder\Shared Resources\Checklists\Pitch - Steve Jobs Checklist.docx = ..\..\..\Dropbox (ScoutSheet)\ScoutSheet Team Folder\Shared Resources\Checklists\Pitch - Steve Jobs Checklist.docx
		..\..\..\Dropbox (ScoutSheet)\ScoutSheet Team Folder\Shared Resources\Checklists\Pitch Anything Checklist.docx = ..\..\..\Dropbox (ScoutSheet)\ScoutSheet Team Folder\Shared Resources\Checklists\Pitch Anything Checklist.docx
		..\..\..\Dropbox (ScoutSheet)\ScoutSheet Team Folder\Shared Resources\Checklists\Pitch Basics Checklist.docx = ..\..\..\Dropbox (ScoutSheet)\ScoutSheet Team Folder\Shared Resources\Checklists\Pitch Basics Checklist.docx
		..\..\..\Dropbox (ScoutSheet)\ScoutSheet Team Folder\Shared Resources\Checklists\Pitch Basics Checklist.pdf = ..\..\..\Dropbox (ScoutSheet)\ScoutSheet Team Folder\Shared Resources\Checklists\Pitch Basics Checklist.pdf
		..\..\..\Dropbox (ScoutSheet)\ScoutSheet Team Folder\Shared Resources\Checklists\Pitch Checklist.docx = ..\..\..\Dropbox (ScoutSheet)\ScoutSheet Team Folder\Shared Resources\Checklists\Pitch Checklist.docx
		..\..\..\Dropbox (ScoutSheet)\ScoutSheet Team Folder\Shared Resources\Checklists\Pitch Questions.docx = ..\..\..\Dropbox (ScoutSheet)\ScoutSheet Team Folder\Shared Resources\Checklists\Pitch Questions.docx
		..\..\..\Dropbox (ScoutSheet)\ScoutSheet Team Folder\Shared Resources\Checklists\Poker Checklist.docx = ..\..\..\Dropbox (ScoutSheet)\ScoutSheet Team Folder\Shared Resources\Checklists\Poker Checklist.docx
		..\..\..\Dropbox (ScoutSheet)\ScoutSheet Team Folder\Shared Resources\Checklists\Power of Forgetting Checklist.docx = ..\..\..\Dropbox (ScoutSheet)\ScoutSheet Team Folder\Shared Resources\Checklists\Power of Forgetting Checklist.docx
		..\..\..\Dropbox (ScoutSheet)\ScoutSheet Team Folder\Shared Resources\Checklists\Power of Habit Checklist.docx = ..\..\..\Dropbox (ScoutSheet)\ScoutSheet Team Folder\Shared Resources\Checklists\Power of Habit Checklist.docx
		..\..\..\Dropbox (ScoutSheet)\ScoutSheet Team Folder\Shared Resources\Checklists\Power Questions.docx = ..\..\..\Dropbox (ScoutSheet)\ScoutSheet Team Folder\Shared Resources\Checklists\Power Questions.docx
		..\..\..\Dropbox (ScoutSheet)\ScoutSheet Team Folder\Shared Resources\Checklists\Pre-Sale Checklist.docx = ..\..\..\Dropbox (ScoutSheet)\ScoutSheet Team Folder\Shared Resources\Checklists\Pre-Sale Checklist.docx
		..\..\..\Dropbox (ScoutSheet)\ScoutSheet Team Folder\Shared Resources\Checklists\Predictable Revenue Cheatsheet Checklist.pdf = ..\..\..\Dropbox (ScoutSheet)\ScoutSheet Team Folder\Shared Resources\Checklists\Predictable Revenue Cheatsheet Checklist.pdf
		..\..\..\Dropbox (ScoutSheet)\ScoutSheet Team Folder\Shared Resources\Checklists\Predictable Revenue Sales Checklist.docx = ..\..\..\Dropbox (ScoutSheet)\ScoutSheet Team Folder\Shared Resources\Checklists\Predictable Revenue Sales Checklist.docx
		..\..\..\Dropbox (ScoutSheet)\ScoutSheet Team Folder\Shared Resources\Checklists\Preventing Compounding Errors Checklist.docx = ..\..\..\Dropbox (ScoutSheet)\ScoutSheet Team Folder\Shared Resources\Checklists\Preventing Compounding Errors Checklist.docx
		..\..\..\Dropbox (ScoutSheet)\ScoutSheet Team Folder\Shared Resources\Checklists\Price Proposal Checklist.docx = ..\..\..\Dropbox (ScoutSheet)\ScoutSheet Team Folder\Shared Resources\Checklists\Price Proposal Checklist.docx
		..\..\..\Dropbox (ScoutSheet)\ScoutSheet Team Folder\Shared Resources\Checklists\Pricing - Subscription Business Checklist.docx = ..\..\..\Dropbox (ScoutSheet)\ScoutSheet Team Folder\Shared Resources\Checklists\Pricing - Subscription Business Checklist.docx
		..\..\..\Dropbox (ScoutSheet)\ScoutSheet Team Folder\Shared Resources\Checklists\Pricing Checklist.docx = ..\..\..\Dropbox (ScoutSheet)\ScoutSheet Team Folder\Shared Resources\Checklists\Pricing Checklist.docx
		..\..\..\Dropbox (ScoutSheet)\ScoutSheet Team Folder\Shared Resources\Checklists\Productivity Checklist.docx = ..\..\..\Dropbox (ScoutSheet)\ScoutSheet Team Folder\Shared Resources\Checklists\Productivity Checklist.docx
		..\..\..\Dropbox (ScoutSheet)\ScoutSheet Team Folder\Shared Resources\Checklists\Projector Checklist.docx = ..\..\..\Dropbox (ScoutSheet)\ScoutSheet Team Folder\Shared Resources\Checklists\Projector Checklist.docx
		..\..\..\Dropbox (ScoutSheet)\ScoutSheet Team Folder\Shared Resources\Checklists\Prototyping - Idea to Execution.docx = ..\..\..\Dropbox (ScoutSheet)\ScoutSheet Team Folder\Shared Resources\Checklists\Prototyping - Idea to Execution.docx
		..\..\..\Dropbox (ScoutSheet)\ScoutSheet Team Folder\Shared Resources\Checklists\Quarterly Planning Checklist.docx = ..\..\..\Dropbox (ScoutSheet)\ScoutSheet Team Folder\Shared Resources\Checklists\Quarterly Planning Checklist.docx
		..\..\..\Dropbox (ScoutSheet)\ScoutSheet Team Folder\Shared Resources\Checklists\Quid Pro Quo Selling Checklist.docx = ..\..\..\Dropbox (ScoutSheet)\ScoutSheet Team Folder\Shared Resources\Checklists\Quid Pro Quo Selling Checklist.docx
		..\..\..\Dropbox (ScoutSheet)\ScoutSheet Team Folder\Shared Resources\Checklists\Real Estate Lead Generation Checklist.docx = ..\..\..\Dropbox (ScoutSheet)\ScoutSheet Team Folder\Shared Resources\Checklists\Real Estate Lead Generation Checklist.docx
		..\..\..\Dropbox (ScoutSheet)\ScoutSheet Team Folder\Shared Resources\Checklists\Regular Expressions.docx = ..\..\..\Dropbox (ScoutSheet)\ScoutSheet Team Folder\Shared Resources\Checklists\Regular Expressions.docx
		..\..\..\Dropbox (ScoutSheet)\ScoutSheet Team Folder\Shared Resources\Checklists\Retaining Employees Checklist.docx = ..\..\..\Dropbox (ScoutSheet)\ScoutSheet Team Folder\Shared Resources\Checklists\Retaining Employees Checklist.docx
		..\..\..\Dropbox (ScoutSheet)\ScoutSheet Team Folder\Shared Resources\Checklists\Rocket Fuel Visonary Integrator Checklist.docx = ..\..\..\Dropbox (ScoutSheet)\ScoutSheet Team Folder\Shared Resources\Checklists\Rocket Fuel Visonary Integrator Checklist.docx
		..\..\..\Dropbox (ScoutSheet)\ScoutSheet Team Folder\Shared Resources\Checklists\Rules for Writing Checklist.docx = ..\..\..\Dropbox (ScoutSheet)\ScoutSheet Team Folder\Shared Resources\Checklists\Rules for Writing Checklist.docx
		..\..\..\Dropbox (ScoutSheet)\ScoutSheet Team Folder\Shared Resources\Checklists\Sales & Marketing Checklist.docx = ..\..\..\Dropbox (ScoutSheet)\ScoutSheet Team Folder\Shared Resources\Checklists\Sales & Marketing Checklist.docx
		..\..\..\Dropbox (ScoutSheet)\ScoutSheet Team Folder\Shared Resources\Checklists\Sam Walton Checklist.docx = ..\..\..\Dropbox (ScoutSheet)\ScoutSheet Team Folder\Shared Resources\Checklists\Sam Walton Checklist.docx
		..\..\..\Dropbox (ScoutSheet)\ScoutSheet Team Folder\Shared Resources\Checklists\Scaling Checklist.docx = ..\..\..\Dropbox (ScoutSheet)\ScoutSheet Team Folder\Shared Resources\Checklists\Scaling Checklist.docx
		..\..\..\Dropbox (ScoutSheet)\ScoutSheet Team Folder\Shared Resources\Checklists\Scientific Method Checklist.docx = ..\..\..\Dropbox (ScoutSheet)\ScoutSheet Team Folder\Shared Resources\Checklists\Scientific Method Checklist.docx
		..\..\..\Dropbox (ScoutSheet)\ScoutSheet Team Folder\Shared Resources\Checklists\Screen Recording w Zoom Checklist.docx = ..\..\..\Dropbox (ScoutSheet)\ScoutSheet Team Folder\Shared Resources\Checklists\Screen Recording w Zoom Checklist.docx
		..\..\..\Dropbox (ScoutSheet)\ScoutSheet Team Folder\Shared Resources\Checklists\Screen Recording w Zoom Checklist.pdf = ..\..\..\Dropbox (ScoutSheet)\ScoutSheet Team Folder\Shared Resources\Checklists\Screen Recording w Zoom Checklist.pdf
		..\..\..\Dropbox (ScoutSheet)\ScoutSheet Team Folder\Shared Resources\Checklists\Search Tips Checklist.docx = ..\..\..\Dropbox (ScoutSheet)\ScoutSheet Team Folder\Shared Resources\Checklists\Search Tips Checklist.docx
		..\..\..\Dropbox (ScoutSheet)\ScoutSheet Team Folder\Shared Resources\Checklists\Segmentation Checklist.docx = ..\..\..\Dropbox (ScoutSheet)\ScoutSheet Team Folder\Shared Resources\Checklists\Segmentation Checklist.docx
		..\..\..\Dropbox (ScoutSheet)\ScoutSheet Team Folder\Shared Resources\Checklists\Selling Basics Checklist.docx = ..\..\..\Dropbox (ScoutSheet)\ScoutSheet Team Folder\Shared Resources\Checklists\Selling Basics Checklist.docx
		..\..\..\Dropbox (ScoutSheet)\ScoutSheet Team Folder\Shared Resources\Checklists\Sequoia Pitch Deck Checklist.docx = ..\..\..\Dropbox (ScoutSheet)\ScoutSheet Team Folder\Shared Resources\Checklists\Sequoia Pitch Deck Checklist.docx
		..\..\..\Dropbox (ScoutSheet)\ScoutSheet Team Folder\Shared Resources\Checklists\Simplicity Checklist.docx = ..\..\..\Dropbox (ScoutSheet)\ScoutSheet Team Folder\Shared Resources\Checklists\Simplicity Checklist.docx
		..\..\..\Dropbox (ScoutSheet)\ScoutSheet Team Folder\Shared Resources\Checklists\Smart & Gets Things Done Recruiting Checklist.docx = ..\..\..\Dropbox (ScoutSheet)\ScoutSheet Team Folder\Shared Resources\Checklists\Smart & Gets Things Done Recruiting Checklist.docx
		..\..\..\Dropbox (ScoutSheet)\ScoutSheet Team Folder\Shared Resources\Checklists\Software Release Life Cycle Checklist.docx = ..\..\..\Dropbox (ScoutSheet)\ScoutSheet Team Folder\Shared Resources\Checklists\Software Release Life Cycle Checklist.docx
		..\..\..\Dropbox (ScoutSheet)\ScoutSheet Team Folder\Shared Resources\Checklists\Special Ops Checklist.docx = ..\..\..\Dropbox (ScoutSheet)\ScoutSheet Team Folder\Shared Resources\Checklists\Special Ops Checklist.docx
		..\..\..\Dropbox (ScoutSheet)\ScoutSheet Team Folder\Shared Resources\Checklists\Steve Jobs Pitch Checklist.docx = ..\..\..\Dropbox (ScoutSheet)\ScoutSheet Team Folder\Shared Resources\Checklists\Steve Jobs Pitch Checklist.docx
		..\..\..\Dropbox (ScoutSheet)\ScoutSheet Team Folder\Shared Resources\Checklists\Storytelling Checklist.docx = ..\..\..\Dropbox (ScoutSheet)\ScoutSheet Team Folder\Shared Resources\Checklists\Storytelling Checklist.docx
		..\..\..\Dropbox (ScoutSheet)\ScoutSheet Team Folder\Shared Resources\Checklists\Team Greatness Checklist.docx = ..\..\..\Dropbox (ScoutSheet)\ScoutSheet Team Folder\Shared Resources\Checklists\Team Greatness Checklist.docx
		..\..\..\Dropbox (ScoutSheet)\ScoutSheet Team Folder\Shared Resources\Checklists\Test Assertions Checklist.docx = ..\..\..\Dropbox (ScoutSheet)\ScoutSheet Team Folder\Shared Resources\Checklists\Test Assertions Checklist.docx
		..\..\..\Dropbox (ScoutSheet)\ScoutSheet Team Folder\Shared Resources\Checklists\Testing Checklist.docx = ..\..\..\Dropbox (ScoutSheet)\ScoutSheet Team Folder\Shared Resources\Checklists\Testing Checklist.docx
		..\..\..\Dropbox (ScoutSheet)\ScoutSheet Team Folder\Shared Resources\Checklists\The Advantage Organizational Health.docx = ..\..\..\Dropbox (ScoutSheet)\ScoutSheet Team Folder\Shared Resources\Checklists\The Advantage Organizational Health.docx
		..\..\..\Dropbox (ScoutSheet)\ScoutSheet Team Folder\Shared Resources\Checklists\The Struggle - by Ben Horowitz.docx = ..\..\..\Dropbox (ScoutSheet)\ScoutSheet Team Folder\Shared Resources\Checklists\The Struggle - by Ben Horowitz.docx
		..\..\..\Dropbox (ScoutSheet)\ScoutSheet Team Folder\Shared Resources\Checklists\The Work Challenging Thoughts Checklist.docx = ..\..\..\Dropbox (ScoutSheet)\ScoutSheet Team Folder\Shared Resources\Checklists\The Work Challenging Thoughts Checklist.docx
		..\..\..\Dropbox (ScoutSheet)\ScoutSheet Team Folder\Shared Resources\Checklists\Theory Checklist.docx = ..\..\..\Dropbox (ScoutSheet)\ScoutSheet Team Folder\Shared Resources\Checklists\Theory Checklist.docx
		..\..\..\Dropbox (ScoutSheet)\ScoutSheet Team Folder\Shared Resources\Checklists\Top Sales Questions Checklist.docx = ..\..\..\Dropbox (ScoutSheet)\ScoutSheet Team Folder\Shared Resources\Checklists\Top Sales Questions Checklist.docx
		..\..\..\Dropbox (ScoutSheet)\ScoutSheet Team Folder\Shared Resources\Checklists\Tough Questions Checklist.docx = ..\..\..\Dropbox (ScoutSheet)\ScoutSheet Team Folder\Shared Resources\Checklists\Tough Questions Checklist.docx
		..\..\..\Dropbox (ScoutSheet)\ScoutSheet Team Folder\Shared Resources\Checklists\Traction EOS Checklist.docx = ..\..\..\Dropbox (ScoutSheet)\ScoutSheet Team Folder\Shared Resources\Checklists\Traction EOS Checklist.docx
		..\..\..\Dropbox (ScoutSheet)\ScoutSheet Team Folder\Shared Resources\Checklists\Traction Marketing Checklist.docx = ..\..\..\Dropbox (ScoutSheet)\ScoutSheet Team Folder\Shared Resources\Checklists\Traction Marketing Checklist.docx
		..\..\..\Dropbox (ScoutSheet)\ScoutSheet Team Folder\Shared Resources\Checklists\Two Second Advantage Checklist.docx = ..\..\..\Dropbox (ScoutSheet)\ScoutSheet Team Folder\Shared Resources\Checklists\Two Second Advantage Checklist.docx
		..\..\..\Dropbox (ScoutSheet)\ScoutSheet Team Folder\Shared Resources\Checklists\Uninterrupted Sales Process Checklist.docx = ..\..\..\Dropbox (ScoutSheet)\ScoutSheet Team Folder\Shared Resources\Checklists\Uninterrupted Sales Process Checklist.docx
		..\..\..\Dropbox (ScoutSheet)\ScoutSheet Team Folder\Shared Resources\Checklists\Universal Principals of Design Checklist.docx = ..\..\..\Dropbox (ScoutSheet)\ScoutSheet Team Folder\Shared Resources\Checklists\Universal Principals of Design Checklist.docx
		..\..\..\Dropbox (ScoutSheet)\ScoutSheet Team Folder\Shared Resources\Checklists\Unlimited Power Checklist.docx = ..\..\..\Dropbox (ScoutSheet)\ScoutSheet Team Folder\Shared Resources\Checklists\Unlimited Power Checklist.docx
		..\..\..\Dropbox (ScoutSheet)\ScoutSheet Team Folder\Shared Resources\Checklists\Usability Notes Checklist.docx = ..\..\..\Dropbox (ScoutSheet)\ScoutSheet Team Folder\Shared Resources\Checklists\Usability Notes Checklist.docx
		..\..\..\Dropbox (ScoutSheet)\ScoutSheet Team Folder\Shared Resources\Checklists\Usability Testing Script Checklist.doc = ..\..\..\Dropbox (ScoutSheet)\ScoutSheet Team Folder\Shared Resources\Checklists\Usability Testing Script Checklist.doc
		..\..\..\Dropbox (ScoutSheet)\ScoutSheet Team Folder\Shared Resources\Checklists\User Experience Checklist.docx = ..\..\..\Dropbox (ScoutSheet)\ScoutSheet Team Folder\Shared Resources\Checklists\User Experience Checklist.docx
		..\..\..\Dropbox (ScoutSheet)\ScoutSheet Team Folder\Shared Resources\Checklists\User Testing & Research Checklist.docx = ..\..\..\Dropbox (ScoutSheet)\ScoutSheet Team Folder\Shared Resources\Checklists\User Testing & Research Checklist.docx
		..\..\..\Dropbox (ScoutSheet)\ScoutSheet Team Folder\Shared Resources\Checklists\Validation - Get Out of The Building.docx = ..\..\..\Dropbox (ScoutSheet)\ScoutSheet Team Folder\Shared Resources\Checklists\Validation - Get Out of The Building.docx
		..\..\..\Dropbox (ScoutSheet)\ScoutSheet Team Folder\Shared Resources\Checklists\Validation - Get Out of The Building.pdf = ..\..\..\Dropbox (ScoutSheet)\ScoutSheet Team Folder\Shared Resources\Checklists\Validation - Get Out of The Building.pdf
		..\..\..\Dropbox (ScoutSheet)\ScoutSheet Team Folder\Shared Resources\Checklists\Validation - One Page Checklist.docx = ..\..\..\Dropbox (ScoutSheet)\ScoutSheet Team Folder\Shared Resources\Checklists\Validation - One Page Checklist.docx
		..\..\..\Dropbox (ScoutSheet)\ScoutSheet Team Folder\Shared Resources\Checklists\Validation - One Page Checklist.pdf = ..\..\..\Dropbox (ScoutSheet)\ScoutSheet Team Folder\Shared Resources\Checklists\Validation - One Page Checklist.pdf
		..\..\..\Dropbox (ScoutSheet)\ScoutSheet Team Folder\Shared Resources\Checklists\Validation Script Checklist.docx = ..\..\..\Dropbox (ScoutSheet)\ScoutSheet Team Folder\Shared Resources\Checklists\Validation Script Checklist.docx
		..\..\..\Dropbox (ScoutSheet)\ScoutSheet Team Folder\Shared Resources\Checklists\Validation Script Checklist.pdf = ..\..\..\Dropbox (ScoutSheet)\ScoutSheet Team Folder\Shared Resources\Checklists\Validation Script Checklist.pdf
		..\..\..\Dropbox (ScoutSheet)\ScoutSheet Team Folder\Shared Resources\Checklists\Validation Testing Script Checklist.doc = ..\..\..\Dropbox (ScoutSheet)\ScoutSheet Team Folder\Shared Resources\Checklists\Validation Testing Script Checklist.doc
		..\..\..\Dropbox (ScoutSheet)\ScoutSheet Team Folder\Shared Resources\Checklists\Value Added to Customer Checklist.docx = ..\..\..\Dropbox (ScoutSheet)\ScoutSheet Team Folder\Shared Resources\Checklists\Value Added to Customer Checklist.docx
		..\..\..\Dropbox (ScoutSheet)\ScoutSheet Team Folder\Shared Resources\Checklists\Value Proposition Checklist.docx = ..\..\..\Dropbox (ScoutSheet)\ScoutSheet Team Folder\Shared Resources\Checklists\Value Proposition Checklist.docx
		..\..\..\Dropbox (ScoutSheet)\ScoutSheet Team Folder\Shared Resources\Checklists\Venture Deals Checklist.docx = ..\..\..\Dropbox (ScoutSheet)\ScoutSheet Team Folder\Shared Resources\Checklists\Venture Deals Checklist.docx
		..\..\..\Dropbox (ScoutSheet)\ScoutSheet Team Folder\Shared Resources\Checklists\Way of the Seal Checklist.docx = ..\..\..\Dropbox (ScoutSheet)\ScoutSheet Team Folder\Shared Resources\Checklists\Way of the Seal Checklist.docx
		..\..\..\Dropbox (ScoutSheet)\ScoutSheet Team Folder\Shared Resources\Checklists\Web Usability Checklist.docx = ..\..\..\Dropbox (ScoutSheet)\ScoutSheet Team Folder\Shared Resources\Checklists\Web Usability Checklist.docx
		..\..\..\Dropbox (ScoutSheet)\ScoutSheet Team Folder\Shared Resources\Checklists\Website Security Checklist.docx = ..\..\..\Dropbox (ScoutSheet)\ScoutSheet Team Folder\Shared Resources\Checklists\Website Security Checklist.docx
		..\..\..\Dropbox (ScoutSheet)\ScoutSheet Team Folder\Shared Resources\Checklists\When to Quit Checklist.docx = ..\..\..\Dropbox (ScoutSheet)\ScoutSheet Team Folder\Shared Resources\Checklists\When to Quit Checklist.docx
		..\..\..\Dropbox (ScoutSheet)\ScoutSheet Team Folder\Shared Resources\Checklists\Who’s Got Your Back Checklist.docx = ..\..\..\Dropbox (ScoutSheet)\ScoutSheet Team Folder\Shared Resources\Checklists\Who’s Got Your Back Checklist.docx
		..\..\..\Dropbox (ScoutSheet)\ScoutSheet Team Folder\Shared Resources\Checklists\Win Friends Influence People Checklist.docx = ..\..\..\Dropbox (ScoutSheet)\ScoutSheet Team Folder\Shared Resources\Checklists\Win Friends Influence People Checklist.docx
		..\..\..\Dropbox (ScoutSheet)\ScoutSheet Team Folder\Shared Resources\Checklists\Women of Berkshire Checklist.docx = ..\..\..\Dropbox (ScoutSheet)\ScoutSheet Team Folder\Shared Resources\Checklists\Women of Berkshire Checklist.docx
		..\..\..\Dropbox (ScoutSheet)\ScoutSheet Team Folder\Shared Resources\Checklists\Yes – 50 Ways to be Persuasive Checklist.docx = ..\..\..\Dropbox (ScoutSheet)\ScoutSheet Team Folder\Shared Resources\Checklists\Yes – 50 Ways to be Persuasive Checklist.docx
		..\..\..\Dropbox (ScoutSheet)\ScoutSheet Team Folder\Shared Resources\Checklists\Zero to One Checklist.docx = ..\..\..\Dropbox (ScoutSheet)\ScoutSheet Team Folder\Shared Resources\Checklists\Zero to One Checklist.docx
	EndProjectSection
EndProject
Global
	GlobalSection(SolutionConfigurationPlatforms) = preSolution
		Debug|Any CPU = Debug|Any CPU
		Release|Any CPU = Release|Any CPU
	EndGlobalSection
	GlobalSection(ProjectConfigurationPlatforms) = postSolution
		{94BC23E9-5DD4-4246-BBD7-C65241B81F31}.Debug|Any CPU.ActiveCfg = Debug|Any CPU
		{94BC23E9-5DD4-4246-BBD7-C65241B81F31}.Debug|Any CPU.Build.0 = Debug|Any CPU
		{94BC23E9-5DD4-4246-BBD7-C65241B81F31}.Release|Any CPU.ActiveCfg = Release|Any CPU
		{94BC23E9-5DD4-4246-BBD7-C65241B81F31}.Release|Any CPU.Build.0 = Release|Any CPU
	EndGlobalSection
	GlobalSection(SolutionProperties) = preSolution
		HideSolutionNode = FALSE
	EndGlobalSection
	GlobalSection(ExtensibilityGlobals) = postSolution
		SolutionGuid = {F9322E3B-0571-4887-829E-05BB1196AE87}
	EndGlobalSection
EndGlobal
